
Microsoft Visual Studio Solution File, Format Version 12.00
# Visual Studio 15
VisualStudioVersion = 15.0.28010.2019
MinimumVisualStudioVersion = 10.0.40219.1
Project("{FAE04EC0-301F-11D3-BF4B-00C04F79EFBC}") = "PPE4GSB.Android", "PPE4GSB\PPE4GSB.Android\PPE4GSB.Android.csproj", "{37043157-3AEA-4458-A52C-F4289E6FC025}"
EndProject
Project("{FAE04EC0-301F-11D3-BF4B-00C04F79EFBC}") = "PPE4GSB.iOS", "PPE4GSB\PPE4GSB.iOS\PPE4GSB.iOS.csproj", "{138CE736-B3AA-4A6B-993F-D68258D91639}"
EndProject
Project("{FAE04EC0-301F-11D3-BF4B-00C04F79EFBC}") = "PPE4GSB.UWP", "PPE4GSB\PPE4GSB.UWP\PPE4GSB.UWP.csproj", "{40B8B712-C025-43AA-90C8-33AE6654896C}"
EndProject
Project("{FAE04EC0-301F-11D3-BF4B-00C04F79EFBC}") = "PPE4GSB", "PPE4GSB\PPE4GSB\PPE4GSB.csproj", "{3E842F1D-E8F5-4A46-BC79-11644BA9F211}"
EndProject
Global
	GlobalSection(SolutionConfigurationPlatforms) = preSolution
		Ad-Hoc|Any CPU = Ad-Hoc|Any CPU
		Ad-Hoc|ARM = Ad-Hoc|ARM
		Ad-Hoc|iPhone = Ad-Hoc|iPhone
		Ad-Hoc|iPhoneSimulator = Ad-Hoc|iPhoneSimulator
		Ad-Hoc|x64 = Ad-Hoc|x64
		Ad-Hoc|x86 = Ad-Hoc|x86
		AppStore|Any CPU = AppStore|Any CPU
		AppStore|ARM = AppStore|ARM
		AppStore|iPhone = AppStore|iPhone
		AppStore|iPhoneSimulator = AppStore|iPhoneSimulator
		AppStore|x64 = AppStore|x64
		AppStore|x86 = AppStore|x86
		Debug|Any CPU = Debug|Any CPU
		Debug|ARM = Debug|ARM
		Debug|iPhone = Debug|iPhone
		Debug|iPhoneSimulator = Debug|iPhoneSimulator
		Debug|x64 = Debug|x64
		Debug|x86 = Debug|x86
		Release|Any CPU = Release|Any CPU
		Release|ARM = Release|ARM
		Release|iPhone = Release|iPhone
		Release|iPhoneSimulator = Release|iPhoneSimulator
		Release|x64 = Release|x64
		Release|x86 = Release|x86
	EndGlobalSection
	GlobalSection(ProjectConfigurationPlatforms) = postSolution
		{37043157-3AEA-4458-A52C-F4289E6FC025}.Ad-Hoc|Any CPU.ActiveCfg = Release|Any CPU
		{37043157-3AEA-4458-A52C-F4289E6FC025}.Ad-Hoc|Any CPU.Build.0 = Release|Any CPU
		{37043157-3AEA-4458-A52C-F4289E6FC025}.Ad-Hoc|Any CPU.Deploy.0 = Release|Any CPU
		{37043157-3AEA-4458-A52C-F4289E6FC025}.Ad-Hoc|ARM.ActiveCfg = Release|Any CPU
		{37043157-3AEA-4458-A52C-F4289E6FC025}.Ad-Hoc|ARM.Build.0 = Release|Any CPU
		{37043157-3AEA-4458-A52C-F4289E6FC025}.Ad-Hoc|ARM.Deploy.0 = Release|Any CPU
		{37043157-3AEA-4458-A52C-F4289E6FC025}.Ad-Hoc|iPhone.ActiveCfg = Release|Any CPU
		{37043157-3AEA-4458-A52C-F4289E6FC025}.Ad-Hoc|iPhone.Build.0 = Release|Any CPU
		{37043157-3AEA-4458-A52C-F4289E6FC025}.Ad-Hoc|iPhone.Deploy.0 = Release|Any CPU
		{37043157-3AEA-4458-A52C-F4289E6FC025}.Ad-Hoc|iPhoneSimulator.ActiveCfg = Release|Any CPU
		{37043157-3AEA-4458-A52C-F4289E6FC025}.Ad-Hoc|iPhoneSimulator.Build.0 = Release|Any CPU
		{37043157-3AEA-4458-A52C-F4289E6FC025}.Ad-Hoc|iPhoneSimulator.Deploy.0 = Release|Any CPU
		{37043157-3AEA-4458-A52C-F4289E6FC025}.Ad-Hoc|x64.ActiveCfg = Release|Any CPU
		{37043157-3AEA-4458-A52C-F4289E6FC025}.Ad-Hoc|x64.Build.0 = Release|Any CPU
		{37043157-3AEA-4458-A52C-F4289E6FC025}.Ad-Hoc|x64.Deploy.0 = Release|Any CPU
		{37043157-3AEA-4458-A52C-F4289E6FC025}.Ad-Hoc|x86.ActiveCfg = Release|Any CPU
		{37043157-3AEA-4458-A52C-F4289E6FC025}.Ad-Hoc|x86.Build.0 = Release|Any CPU
		{37043157-3AEA-4458-A52C-F4289E6FC025}.Ad-Hoc|x86.Deploy.0 = Release|Any CPU
		{37043157-3AEA-4458-A52C-F4289E6FC025}.AppStore|Any CPU.ActiveCfg = Release|Any CPU
		{37043157-3AEA-4458-A52C-F4289E6FC025}.AppStore|Any CPU.Build.0 = Release|Any CPU
		{37043157-3AEA-4458-A52C-F4289E6FC025}.AppStore|Any CPU.Deploy.0 = Release|Any CPU
		{37043157-3AEA-4458-A52C-F4289E6FC025}.AppStore|ARM.ActiveCfg = Release|Any CPU
		{37043157-3AEA-4458-A52C-F4289E6FC025}.AppStore|ARM.Build.0 = Release|Any CPU
		{37043157-3AEA-4458-A52C-F4289E6FC025}.AppStore|ARM.Deploy.0 = Release|Any CPU
		{37043157-3AEA-4458-A52C-F4289E6FC025}.AppStore|iPhone.ActiveCfg = Release|Any CPU
		{37043157-3AEA-4458-A52C-F4289E6FC025}.AppStore|iPhone.Build.0 = Release|Any CPU
		{37043157-3AEA-4458-A52C-F4289E6FC025}.AppStore|iPhone.Deploy.0 = Release|Any CPU
		{37043157-3AEA-4458-A52C-F4289E6FC025}.AppStore|iPhoneSimulator.ActiveCfg = Release|Any CPU
		{37043157-3AEA-4458-A52C-F4289E6FC025}.AppStore|iPhoneSimulator.Build.0 = Release|Any CPU
		{37043157-3AEA-4458-A52C-F4289E6FC025}.AppStore|iPhoneSimulator.Deploy.0 = Release|Any CPU
		{37043157-3AEA-4458-A52C-F4289E6FC025}.AppStore|x64.ActiveCfg = Release|Any CPU
		{37043157-3AEA-4458-A52C-F4289E6FC025}.AppStore|x64.Build.0 = Release|Any CPU
		{37043157-3AEA-4458-A52C-F4289E6FC025}.AppStore|x64.Deploy.0 = Release|Any CPU
		{37043157-3AEA-4458-A52C-F4289E6FC025}.AppStore|x86.ActiveCfg = Release|Any CPU
		{37043157-3AEA-4458-A52C-F4289E6FC025}.AppStore|x86.Build.0 = Release|Any CPU
		{37043157-3AEA-4458-A52C-F4289E6FC025}.AppStore|x86.Deploy.0 = Release|Any CPU
		{37043157-3AEA-4458-A52C-F4289E6FC025}.Debug|Any CPU.ActiveCfg = Debug|Any CPU
		{37043157-3AEA-4458-A52C-F4289E6FC025}.Debug|Any CPU.Build.0 = Debug|Any CPU
		{37043157-3AEA-4458-A52C-F4289E6FC025}.Debug|Any CPU.Deploy.0 = Debug|Any CPU
		{37043157-3AEA-4458-A52C-F4289E6FC025}.Debug|ARM.ActiveCfg = Debug|Any CPU
		{37043157-3AEA-4458-A52C-F4289E6FC025}.Debug|ARM.Build.0 = Debug|Any CPU
		{37043157-3AEA-4458-A52C-F4289E6FC025}.Debug|ARM.Deploy.0 = Debug|Any CPU
		{37043157-3AEA-4458-A52C-F4289E6FC025}.Debug|iPhone.ActiveCfg = Debug|Any CPU
		{37043157-3AEA-4458-A52C-F4289E6FC025}.Debug|iPhone.Build.0 = Debug|Any CPU
		{37043157-3AEA-4458-A52C-F4289E6FC025}.Debug|iPhone.Deploy.0 = Debug|Any CPU
		{37043157-3AEA-4458-A52C-F4289E6FC025}.Debug|iPhoneSimulator.ActiveCfg = Debug|Any CPU
		{37043157-3AEA-4458-A52C-F4289E6FC025}.Debug|iPhoneSimulator.Build.0 = Debug|Any CPU
		{37043157-3AEA-4458-A52C-F4289E6FC025}.Debug|iPhoneSimulator.Deploy.0 = Debug|Any CPU
		{37043157-3AEA-4458-A52C-F4289E6FC025}.Debug|x64.ActiveCfg = Debug|Any CPU
		{37043157-3AEA-4458-A52C-F4289E6FC025}.Debug|x64.Build.0 = Debug|Any CPU
		{37043157-3AEA-4458-A52C-F4289E6FC025}.Debug|x64.Deploy.0 = Debug|Any CPU
		{37043157-3AEA-4458-A52C-F4289E6FC025}.Debug|x86.ActiveCfg = Debug|Any CPU
		{37043157-3AEA-4458-A52C-F4289E6FC025}.Debug|x86.Build.0 = Debug|Any CPU
		{37043157-3AEA-4458-A52C-F4289E6FC025}.Debug|x86.Deploy.0 = Debug|Any CPU
		{37043157-3AEA-4458-A52C-F4289E6FC025}.Release|Any CPU.ActiveCfg = Release|Any CPU
		{37043157-3AEA-4458-A52C-F4289E6FC025}.Release|Any CPU.Build.0 = Release|Any CPU
		{37043157-3AEA-4458-A52C-F4289E6FC025}.Release|Any CPU.Deploy.0 = Release|Any CPU
		{37043157-3AEA-4458-A52C-F4289E6FC025}.Release|ARM.ActiveCfg = Release|Any CPU
		{37043157-3AEA-4458-A52C-F4289E6FC025}.Release|ARM.Build.0 = Release|Any CPU
		{37043157-3AEA-4458-A52C-F4289E6FC025}.Release|ARM.Deploy.0 = Release|Any CPU
		{37043157-3AEA-4458-A52C-F4289E6FC025}.Release|iPhone.ActiveCfg = Release|Any CPU
		{37043157-3AEA-4458-A52C-F4289E6FC025}.Release|iPhone.Build.0 = Release|Any CPU
		{37043157-3AEA-4458-A52C-F4289E6FC025}.Release|iPhone.Deploy.0 = Release|Any CPU
		{37043157-3AEA-4458-A52C-F4289E6FC025}.Release|iPhoneSimulator.ActiveCfg = Release|Any CPU
		{37043157-3AEA-4458-A52C-F4289E6FC025}.Release|iPhoneSimulator.Build.0 = Release|Any CPU
		{37043157-3AEA-4458-A52C-F4289E6FC025}.Release|iPhoneSimulator.Deploy.0 = Release|Any CPU
		{37043157-3AEA-4458-A52C-F4289E6FC025}.Release|x64.ActiveCfg = Release|Any CPU
		{37043157-3AEA-4458-A52C-F4289E6FC025}.Release|x64.Build.0 = Release|Any CPU
		{37043157-3AEA-4458-A52C-F4289E6FC025}.Release|x64.Deploy.0 = Release|Any CPU
		{37043157-3AEA-4458-A52C-F4289E6FC025}.Release|x86.ActiveCfg = Release|Any CPU
		{37043157-3AEA-4458-A52C-F4289E6FC025}.Release|x86.Build.0 = Release|Any CPU
		{37043157-3AEA-4458-A52C-F4289E6FC025}.Release|x86.Deploy.0 = Release|Any CPU
		{138CE736-B3AA-4A6B-993F-D68258D91639}.Ad-Hoc|Any CPU.ActiveCfg = Ad-Hoc|iPhone
		{138CE736-B3AA-4A6B-993F-D68258D91639}.Ad-Hoc|Any CPU.Build.0 = Ad-Hoc|iPhone
		{138CE736-B3AA-4A6B-993F-D68258D91639}.Ad-Hoc|Any CPU.Deploy.0 = Ad-Hoc|iPhone
		{138CE736-B3AA-4A6B-993F-D68258D91639}.Ad-Hoc|ARM.ActiveCfg = Ad-Hoc|iPhone
		{138CE736-B3AA-4A6B-993F-D68258D91639}.Ad-Hoc|ARM.Build.0 = Ad-Hoc|iPhone
		{138CE736-B3AA-4A6B-993F-D68258D91639}.Ad-Hoc|ARM.Deploy.0 = Ad-Hoc|iPhone
		{138CE736-B3AA-4A6B-993F-D68258D91639}.Ad-Hoc|iPhone.ActiveCfg = Ad-Hoc|iPhone
		{138CE736-B3AA-4A6B-993F-D68258D91639}.Ad-Hoc|iPhone.Build.0 = Ad-Hoc|iPhone
		{138CE736-B3AA-4A6B-993F-D68258D91639}.Ad-Hoc|iPhone.Deploy.0 = Ad-Hoc|iPhone
		{138CE736-B3AA-4A6B-993F-D68258D91639}.Ad-Hoc|iPhoneSimulator.ActiveCfg = Ad-Hoc|iPhoneSimulator
		{138CE736-B3AA-4A6B-993F-D68258D91639}.Ad-Hoc|iPhoneSimulator.Build.0 = Ad-Hoc|iPhoneSimulator
		{138CE736-B3AA-4A6B-993F-D68258D91639}.Ad-Hoc|iPhoneSimulator.Deploy.0 = Ad-Hoc|iPhoneSimulator
		{138CE736-B3AA-4A6B-993F-D68258D91639}.Ad-Hoc|x64.ActiveCfg = Ad-Hoc|iPhone
		{138CE736-B3AA-4A6B-993F-D68258D91639}.Ad-Hoc|x64.Build.0 = Ad-Hoc|iPhone
		{138CE736-B3AA-4A6B-993F-D68258D91639}.Ad-Hoc|x64.Deploy.0 = Ad-Hoc|iPhone
		{138CE736-B3AA-4A6B-993F-D68258D91639}.Ad-Hoc|x86.ActiveCfg = Ad-Hoc|iPhone
		{138CE736-B3AA-4A6B-993F-D68258D91639}.Ad-Hoc|x86.Build.0 = Ad-Hoc|iPhone
		{138CE736-B3AA-4A6B-993F-D68258D91639}.Ad-Hoc|x86.Deploy.0 = Ad-Hoc|iPhone
		{138CE736-B3AA-4A6B-993F-D68258D91639}.AppStore|Any CPU.ActiveCfg = AppStore|iPhone
		{138CE736-B3AA-4A6B-993F-D68258D91639}.AppStore|Any CPU.Build.0 = AppStore|iPhone
		{138CE736-B3AA-4A6B-993F-D68258D91639}.AppStore|Any CPU.Deploy.0 = AppStore|iPhone
		{138CE736-B3AA-4A6B-993F-D68258D91639}.AppStore|ARM.ActiveCfg = AppStore|iPhone
		{138CE736-B3AA-4A6B-993F-D68258D91639}.AppStore|ARM.Build.0 = AppStore|iPhone
		{138CE736-B3AA-4A6B-993F-D68258D91639}.AppStore|ARM.Deploy.0 = AppStore|iPhone
		{138CE736-B3AA-4A6B-993F-D68258D91639}.AppStore|iPhone.ActiveCfg = AppStore|iPhone
		{138CE736-B3AA-4A6B-993F-D68258D91639}.AppStore|iPhone.Build.0 = AppStore|iPhone
		{138CE736-B3AA-4A6B-993F-D68258D91639}.AppStore|iPhone.Deploy.0 = AppStore|iPhone
		{138CE736-B3AA-4A6B-993F-D68258D91639}.AppStore|iPhoneSimulator.ActiveCfg = AppStore|iPhoneSimulator
		{138CE736-B3AA-4A6B-993F-D68258D91639}.AppStore|iPhoneSimulator.Build.0 = AppStore|iPhoneSimulator
		{138CE736-B3AA-4A6B-993F-D68258D91639}.AppStore|iPhoneSimulator.Deploy.0 = AppStore|iPhoneSimulator
		{138CE736-B3AA-4A6B-993F-D68258D91639}.AppStore|x64.ActiveCfg = AppStore|iPhone
		{138CE736-B3AA-4A6B-993F-D68258D91639}.AppStore|x64.Build.0 = AppStore|iPhone
		{138CE736-B3AA-4A6B-993F-D68258D91639}.AppStore|x64.Deploy.0 = AppStore|iPhone
		{138CE736-B3AA-4A6B-993F-D68258D91639}.AppStore|x86.ActiveCfg = AppStore|iPhone
		{138CE736-B3AA-4A6B-993F-D68258D91639}.AppStore|x86.Build.0 = AppStore|iPhone
		{138CE736-B3AA-4A6B-993F-D68258D91639}.AppStore|x86.Deploy.0 = AppStore|iPhone
		{138CE736-B3AA-4A6B-993F-D68258D91639}.Debug|Any CPU.ActiveCfg = Debug|iPhoneSimulator
		{138CE736-B3AA-4A6B-993F-D68258D91639}.Debug|Any CPU.Build.0 = Debug|iPhoneSimulator
		{138CE736-B3AA-4A6B-993F-D68258D91639}.Debug|Any CPU.Deploy.0 = Debug|iPhoneSimulator
		{138CE736-B3AA-4A6B-993F-D68258D91639}.Debug|ARM.ActiveCfg = Debug|iPhone
		{138CE736-B3AA-4A6B-993F-D68258D91639}.Debug|ARM.Build.0 = Debug|iPhone
		{138CE736-B3AA-4A6B-993F-D68258D91639}.Debug|ARM.Deploy.0 = Debug|iPhone
		{138CE736-B3AA-4A6B-993F-D68258D91639}.Debug|iPhone.ActiveCfg = Debug|iPhone
		{138CE736-B3AA-4A6B-993F-D68258D91639}.Debug|iPhone.Build.0 = Debug|iPhone
		{138CE736-B3AA-4A6B-993F-D68258D91639}.Debug|iPhone.Deploy.0 = Debug|iPhone
		{138CE736-B3AA-4A6B-993F-D68258D91639}.Debug|iPhoneSimulator.ActiveCfg = Debug|iPhoneSimulator
		{138CE736-B3AA-4A6B-993F-D68258D91639}.Debug|iPhoneSimulator.Build.0 = Debug|iPhoneSimulator
		{138CE736-B3AA-4A6B-993F-D68258D91639}.Debug|iPhoneSimulator.Deploy.0 = Debug|iPhoneSimulator
		{138CE736-B3AA-4A6B-993F-D68258D91639}.Debug|x64.ActiveCfg = Debug|iPhone
		{138CE736-B3AA-4A6B-993F-D68258D91639}.Debug|x64.Build.0 = Debug|iPhone
		{138CE736-B3AA-4A6B-993F-D68258D91639}.Debug|x64.Deploy.0 = Debug|iPhone
		{138CE736-B3AA-4A6B-993F-D68258D91639}.Debug|x86.ActiveCfg = Debug|iPhone
		{138CE736-B3AA-4A6B-993F-D68258D91639}.Debug|x86.Build.0 = Debug|iPhone
		{138CE736-B3AA-4A6B-993F-D68258D91639}.Debug|x86.Deploy.0 = Debug|iPhone
		{138CE736-B3AA-4A6B-993F-D68258D91639}.Release|Any CPU.ActiveCfg = Release|iPhone
		{138CE736-B3AA-4A6B-993F-D68258D91639}.Release|Any CPU.Build.0 = Release|iPhone
		{138CE736-B3AA-4A6B-993F-D68258D91639}.Release|Any CPU.Deploy.0 = Release|iPhone
		{138CE736-B3AA-4A6B-993F-D68258D91639}.Release|ARM.ActiveCfg = Release|iPhone
		{138CE736-B3AA-4A6B-993F-D68258D91639}.Release|ARM.Build.0 = Release|iPhone
		{138CE736-B3AA-4A6B-993F-D68258D91639}.Release|ARM.Deploy.0 = Release|iPhone
		{138CE736-B3AA-4A6B-993F-D68258D91639}.Release|iPhone.ActiveCfg = Release|iPhone
		{138CE736-B3AA-4A6B-993F-D68258D91639}.Release|iPhone.Build.0 = Release|iPhone
		{138CE736-B3AA-4A6B-993F-D68258D91639}.Release|iPhone.Deploy.0 = Release|iPhone
		{138CE736-B3AA-4A6B-993F-D68258D91639}.Release|iPhoneSimulator.ActiveCfg = Release|iPhoneSimulator
		{138CE736-B3AA-4A6B-993F-D68258D91639}.Release|iPhoneSimulator.Build.0 = Release|iPhoneSimulator
		{138CE736-B3AA-4A6B-993F-D68258D91639}.Release|iPhoneSimulator.Deploy.0 = Release|iPhoneSimulator
		{138CE736-B3AA-4A6B-993F-D68258D91639}.Release|x64.ActiveCfg = Release|iPhone
		{138CE736-B3AA-4A6B-993F-D68258D91639}.Release|x64.Build.0 = Release|iPhone
		{138CE736-B3AA-4A6B-993F-D68258D91639}.Release|x64.Deploy.0 = Release|iPhone
		{138CE736-B3AA-4A6B-993F-D68258D91639}.Release|x86.ActiveCfg = Release|iPhone
		{138CE736-B3AA-4A6B-993F-D68258D91639}.Release|x86.Build.0 = Release|iPhone
		{138CE736-B3AA-4A6B-993F-D68258D91639}.Release|x86.Deploy.0 = Release|iPhone
		{40B8B712-C025-43AA-90C8-33AE6654896C}.Ad-Hoc|Any CPU.ActiveCfg = Release|x86
		{40B8B712-C025-43AA-90C8-33AE6654896C}.Ad-Hoc|Any CPU.Build.0 = Release|x86
		{40B8B712-C025-43AA-90C8-33AE6654896C}.Ad-Hoc|Any CPU.Deploy.0 = Release|x86
		{40B8B712-C025-43AA-90C8-33AE6654896C}.Ad-Hoc|ARM.ActiveCfg = Release|ARM
		{40B8B712-C025-43AA-90C8-33AE6654896C}.Ad-Hoc|ARM.Build.0 = Release|ARM
		{40B8B712-C025-43AA-90C8-33AE6654896C}.Ad-Hoc|ARM.Deploy.0 = Release|ARM
		{40B8B712-C025-43AA-90C8-33AE6654896C}.Ad-Hoc|iPhone.ActiveCfg = Release|x86
		{40B8B712-C025-43AA-90C8-33AE6654896C}.Ad-Hoc|iPhone.Build.0 = Release|x86
		{40B8B712-C025-43AA-90C8-33AE6654896C}.Ad-Hoc|iPhone.Deploy.0 = Release|x86
		{40B8B712-C025-43AA-90C8-33AE6654896C}.Ad-Hoc|iPhoneSimulator.ActiveCfg = Release|x86
		{40B8B712-C025-43AA-90C8-33AE6654896C}.Ad-Hoc|iPhoneSimulator.Build.0 = Release|x86
		{40B8B712-C025-43AA-90C8-33AE6654896C}.Ad-Hoc|iPhoneSimulator.Deploy.0 = Release|x86
		{40B8B712-C025-43AA-90C8-33AE6654896C}.Ad-Hoc|x64.ActiveCfg = Release|x64
		{40B8B712-C025-43AA-90C8-33AE6654896C}.Ad-Hoc|x64.Build.0 = Release|x64
		{40B8B712-C025-43AA-90C8-33AE6654896C}.Ad-Hoc|x64.Deploy.0 = Release|x64
		{40B8B712-C025-43AA-90C8-33AE6654896C}.Ad-Hoc|x86.ActiveCfg = Release|x86
		{40B8B712-C025-43AA-90C8-33AE6654896C}.Ad-Hoc|x86.Build.0 = Release|x86
		{40B8B712-C025-43AA-90C8-33AE6654896C}.Ad-Hoc|x86.Deploy.0 = Release|x86
		{40B8B712-C025-43AA-90C8-33AE6654896C}.AppStore|Any CPU.ActiveCfg = Release|x86
		{40B8B712-C025-43AA-90C8-33AE6654896C}.AppStore|Any CPU.Build.0 = Release|x86
		{40B8B712-C025-43AA-90C8-33AE6654896C}.AppStore|Any CPU.Deploy.0 = Release|x86
		{40B8B712-C025-43AA-90C8-33AE6654896C}.AppStore|ARM.ActiveCfg = Release|ARM
		{40B8B712-C025-43AA-90C8-33AE6654896C}.AppStore|ARM.Build.0 = Release|ARM
		{40B8B712-C025-43AA-90C8-33AE6654896C}.AppStore|ARM.Deploy.0 = Release|ARM
		{40B8B712-C025-43AA-90C8-33AE6654896C}.AppStore|iPhone.ActiveCfg = Release|x86
		{40B8B712-C025-43AA-90C8-33AE6654896C}.AppStore|iPhone.Build.0 = Release|x86
		{40B8B712-C025-43AA-90C8-33AE6654896C}.AppStore|iPhone.Deploy.0 = Release|x86
		{40B8B712-C025-43AA-90C8-33AE6654896C}.AppStore|iPhoneSimulator.ActiveCfg = Release|x86
		{40B8B712-C025-43AA-90C8-33AE6654896C}.AppStore|iPhoneSimulator.Build.0 = Release|x86
		{40B8B712-C025-43AA-90C8-33AE6654896C}.AppStore|iPhoneSimulator.Deploy.0 = Release|x86
		{40B8B712-C025-43AA-90C8-33AE6654896C}.AppStore|x64.ActiveCfg = Release|x64
		{40B8B712-C025-43AA-90C8-33AE6654896C}.AppStore|x64.Build.0 = Release|x64
		{40B8B712-C025-43AA-90C8-33AE6654896C}.AppStore|x64.Deploy.0 = Release|x64
		{40B8B712-C025-43AA-90C8-33AE6654896C}.AppStore|x86.ActiveCfg = Release|x86
		{40B8B712-C025-43AA-90C8-33AE6654896C}.AppStore|x86.Build.0 = Release|x86
		{40B8B712-C025-43AA-90C8-33AE6654896C}.AppStore|x86.Deploy.0 = Release|x86
		{40B8B712-C025-43AA-90C8-33AE6654896C}.Debug|Any CPU.ActiveCfg = Debug|x86
		{40B8B712-C025-43AA-90C8-33AE6654896C}.Debug|Any CPU.Build.0 = Debug|x86
		{40B8B712-C025-43AA-90C8-33AE6654896C}.Debug|Any CPU.Deploy.0 = Debug|x86
		{40B8B712-C025-43AA-90C8-33AE6654896C}.Debug|ARM.ActiveCfg = Debug|ARM
		{40B8B712-C025-43AA-90C8-33AE6654896C}.Debug|ARM.Build.0 = Debug|ARM
		{40B8B712-C025-43AA-90C8-33AE6654896C}.Debug|ARM.Deploy.0 = Debug|ARM
		{40B8B712-C025-43AA-90C8-33AE6654896C}.Debug|iPhone.ActiveCfg = Debug|x86
		{40B8B712-C025-43AA-90C8-33AE6654896C}.Debug|iPhone.Build.0 = Debug|x86
		{40B8B712-C025-43AA-90C8-33AE6654896C}.Debug|iPhone.Deploy.0 = Debug|x86
		{40B8B712-C025-43AA-90C8-33AE6654896C}.Debug|iPhoneSimulator.ActiveCfg = Debug|x86
		{40B8B712-C025-43AA-90C8-33AE6654896C}.Debug|iPhoneSimulator.Build.0 = Debug|x86
		{40B8B712-C025-43AA-90C8-33AE6654896C}.Debug|iPhoneSimulator.Deploy.0 = Debug|x86
		{40B8B712-C025-43AA-90C8-33AE6654896C}.Debug|x64.ActiveCfg = Debug|x64
		{40B8B712-C025-43AA-90C8-33AE6654896C}.Debug|x64.Build.0 = Debug|x64
		{40B8B712-C025-43AA-90C8-33AE6654896C}.Debug|x64.Deploy.0 = Debug|x64
		{40B8B712-C025-43AA-90C8-33AE6654896C}.Debug|x86.ActiveCfg = Debug|x86
		{40B8B712-C025-43AA-90C8-33AE6654896C}.Debug|x86.Build.0 = Debug|x86
		{40B8B712-C025-43AA-90C8-33AE6654896C}.Debug|x86.Deploy.0 = Debug|x86
		{40B8B712-C025-43AA-90C8-33AE6654896C}.Release|Any CPU.ActiveCfg = Release|x86
		{40B8B712-C025-43AA-90C8-33AE6654896C}.Release|Any CPU.Build.0 = Release|x86
		{40B8B712-C025-43AA-90C8-33AE6654896C}.Release|Any CPU.Deploy.0 = Release|x86
		{40B8B712-C025-43AA-90C8-33AE6654896C}.Release|ARM.ActiveCfg = Release|ARM
		{40B8B712-C025-43AA-90C8-33AE6654896C}.Release|ARM.Build.0 = Release|ARM
		{40B8B712-C025-43AA-90C8-33AE6654896C}.Release|ARM.Deploy.0 = Release|ARM
		{40B8B712-C025-43AA-90C8-33AE6654896C}.Release|iPhone.ActiveCfg = Release|x86
		{40B8B712-C025-43AA-90C8-33AE6654896C}.Release|iPhone.Build.0 = Release|x86
		{40B8B712-C025-43AA-90C8-33AE6654896C}.Release|iPhone.Deploy.0 = Release|x86
		{40B8B712-C025-43AA-90C8-33AE6654896C}.Release|iPhoneSimulator.ActiveCfg = Release|x86
		{40B8B712-C025-43AA-90C8-33AE6654896C}.Release|iPhoneSimulator.Build.0 = Release|x86
		{40B8B712-C025-43AA-90C8-33AE6654896C}.Release|iPhoneSimulator.Deploy.0 = Release|x86
		{40B8B712-C025-43AA-90C8-33AE6654896C}.Release|x64.ActiveCfg = Release|x64
		{40B8B712-C025-43AA-90C8-33AE6654896C}.Release|x64.Build.0 = Release|x64
		{40B8B712-C025-43AA-90C8-33AE6654896C}.Release|x64.Deploy.0 = Release|x64
		{40B8B712-C025-43AA-90C8-33AE6654896C}.Release|x86.ActiveCfg = Release|x86
		{40B8B712-C025-43AA-90C8-33AE6654896C}.Release|x86.Build.0 = Release|x86
		{40B8B712-C025-43AA-90C8-33AE6654896C}.Release|x86.Deploy.0 = Release|x86
		{3E842F1D-E8F5-4A46-BC79-11644BA9F211}.Ad-Hoc|Any CPU.ActiveCfg = Debug|Any CPU
		{3E842F1D-E8F5-4A46-BC79-11644BA9F211}.Ad-Hoc|Any CPU.Build.0 = Debug|Any CPU
		{3E842F1D-E8F5-4A46-BC79-11644BA9F211}.Ad-Hoc|Any CPU.Deploy.0 = Debug|Any CPU
		{3E842F1D-E8F5-4A46-BC79-11644BA9F211}.Ad-Hoc|ARM.ActiveCfg = Debug|Any CPU
		{3E842F1D-E8F5-4A46-BC79-11644BA9F211}.Ad-Hoc|ARM.Build.0 = Debug|Any CPU
		{3E842F1D-E8F5-4A46-BC79-11644BA9F211}.Ad-Hoc|ARM.Deploy.0 = Debug|Any CPU
		{3E842F1D-E8F5-4A46-BC79-11644BA9F211}.Ad-Hoc|iPhone.ActiveCfg = Debug|Any CPU
		{3E842F1D-E8F5-4A46-BC79-11644BA9F211}.Ad-Hoc|iPhone.Build.0 = Debug|Any CPU
		{3E842F1D-E8F5-4A46-BC79-11644BA9F211}.Ad-Hoc|iPhone.Deploy.0 = Debug|Any CPU
		{3E842F1D-E8F5-4A46-BC79-11644BA9F211}.Ad-Hoc|iPhoneSimulator.ActiveCfg = Debug|Any CPU
		{3E842F1D-E8F5-4A46-BC79-11644BA9F211}.Ad-Hoc|iPhoneSimulator.Build.0 = Debug|Any CPU
		{3E842F1D-E8F5-4A46-BC79-11644BA9F211}.Ad-Hoc|iPhoneSimulator.Deploy.0 = Debug|Any CPU
		{3E842F1D-E8F5-4A46-BC79-11644BA9F211}.Ad-Hoc|x64.ActiveCfg = Debug|Any CPU
		{3E842F1D-E8F5-4A46-BC79-11644BA9F211}.Ad-Hoc|x64.Build.0 = Debug|Any CPU
		{3E842F1D-E8F5-4A46-BC79-11644BA9F211}.Ad-Hoc|x64.Deploy.0 = Debug|Any CPU
		{3E842F1D-E8F5-4A46-BC79-11644BA9F211}.Ad-Hoc|x86.ActiveCfg = Debug|Any CPU
		{3E842F1D-E8F5-4A46-BC79-11644BA9F211}.Ad-Hoc|x86.Build.0 = Debug|Any CPU
		{3E842F1D-E8F5-4A46-BC79-11644BA9F211}.Ad-Hoc|x86.Deploy.0 = Debug|Any CPU
		{3E842F1D-E8F5-4A46-BC79-11644BA9F211}.AppStore|Any CPU.ActiveCfg = Debug|Any CPU
		{3E842F1D-E8F5-4A46-BC79-11644BA9F211}.AppStore|Any CPU.Build.0 = Debug|Any CPU
		{3E842F1D-E8F5-4A46-BC79-11644BA9F211}.AppStore|Any CPU.Deploy.0 = Debug|Any CPU
		{3E842F1D-E8F5-4A46-BC79-11644BA9F211}.AppStore|ARM.ActiveCfg = Debug|Any CPU
		{3E842F1D-E8F5-4A46-BC79-11644BA9F211}.AppStore|ARM.Build.0 = Debug|Any CPU
		{3E842F1D-E8F5-4A46-BC79-11644BA9F211}.AppStore|ARM.Deploy.0 = Debug|Any CPU
		{3E842F1D-E8F5-4A46-BC79-11644BA9F211}.AppStore|iPhone.ActiveCfg = Debug|Any CPU
		{3E842F1D-E8F5-4A46-BC79-11644BA9F211}.AppStore|iPhone.Build.0 = Debug|Any CPU
		{3E842F1D-E8F5-4A46-BC79-11644BA9F211}.AppStore|iPhone.Deploy.0 = Debug|Any CPU
		{3E842F1D-E8F5-4A46-BC79-11644BA9F211}.AppStore|iPhoneSimulator.ActiveCfg = Debug|Any CPU
		{3E842F1D-E8F5-4A46-BC79-11644BA9F211}.AppStore|iPhoneSimulator.Build.0 = Debug|Any CPU
		{3E842F1D-E8F5-4A46-BC79-11644BA9F211}.AppStore|iPhoneSimulator.Deploy.0 = Debug|Any CPU
		{3E842F1D-E8F5-4A46-BC79-11644BA9F211}.AppStore|x64.ActiveCfg = Debug|Any CPU
		{3E842F1D-E8F5-4A46-BC79-11644BA9F211}.AppStore|x64.Build.0 = Debug|Any CPU
		{3E842F1D-E8F5-4A46-BC79-11644BA9F211}.AppStore|x64.Deploy.0 = Debug|Any CPU
		{3E842F1D-E8F5-4A46-BC79-11644BA9F211}.AppStore|x86.ActiveCfg = Debug|Any CPU
		{3E842F1D-E8F5-4A46-BC79-11644BA9F211}.AppStore|x86.Build.0 = Debug|Any CPU
		{3E842F1D-E8F5-4A46-BC79-11644BA9F211}.AppStore|x86.Deploy.0 = Debug|Any CPU
		{3E842F1D-E8F5-4A46-BC79-11644BA9F211}.Debug|Any CPU.ActiveCfg = Debug|Any CPU
		{3E842F1D-E8F5-4A46-BC79-11644BA9F211}.Debug|Any CPU.Build.0 = Debug|Any CPU
		{3E842F1D-E8F5-4A46-BC79-11644BA9F211}.Debug|Any CPU.Deploy.0 = Debug|Any CPU
		{3E842F1D-E8F5-4A46-BC79-11644BA9F211}.Debug|ARM.ActiveCfg = Debug|Any CPU
		{3E842F1D-E8F5-4A46-BC79-11644BA9F211}.Debug|ARM.Build.0 = Debug|Any CPU
		{3E842F1D-E8F5-4A46-BC79-11644BA9F211}.Debug|ARM.Deploy.0 = Debug|Any CPU
		{3E842F1D-E8F5-4A46-BC79-11644BA9F211}.Debug|iPhone.ActiveCfg = Debug|Any CPU
		{3E842F1D-E8F5-4A46-BC79-11644BA9F211}.Debug|iPhone.Build.0 = Debug|Any CPU
		{3E842F1D-E8F5-4A46-BC79-11644BA9F211}.Debug|iPhone.Deploy.0 = Debug|Any CPU
		{3E842F1D-E8F5-4A46-BC79-11644BA9F211}.Debug|iPhoneSimulator.ActiveCfg = Debug|Any CPU
		{3E842F1D-E8F5-4A46-BC79-11644BA9F211}.Debug|iPhoneSimulator.Build.0 = Debug|Any CPU
		{3E842F1D-E8F5-4A46-BC79-11644BA9F211}.Debug|iPhoneSimulator.Deploy.0 = Debug|Any CPU
		{3E842F1D-E8F5-4A46-BC79-11644BA9F211}.Debug|x64.ActiveCfg = Debug|Any CPU
		{3E842F1D-E8F5-4A46-BC79-11644BA9F211}.Debug|x64.Build.0 = Debug|Any CPU
		{3E842F1D-E8F5-4A46-BC79-11644BA9F211}.Debug|x64.Deploy.0 = Debug|Any CPU
		{3E842F1D-E8F5-4A46-BC79-11644BA9F211}.Debug|x86.ActiveCfg = Debug|Any CPU
		{3E842F1D-E8F5-4A46-BC79-11644BA9F211}.Debug|x86.Build.0 = Debug|Any CPU
		{3E842F1D-E8F5-4A46-BC79-11644BA9F211}.Debug|x86.Deploy.0 = Debug|Any CPU
		{3E842F1D-E8F5-4A46-BC79-11644BA9F211}.Release|Any CPU.ActiveCfg = Release|Any CPU
		{3E842F1D-E8F5-4A46-BC79-11644BA9F211}.Release|Any CPU.Build.0 = Release|Any CPU
		{3E842F1D-E8F5-4A46-BC79-11644BA9F211}.Release|Any CPU.Deploy.0 = Release|Any CPU
		{3E842F1D-E8F5-4A46-BC79-11644BA9F211}.Release|ARM.ActiveCfg = Release|Any CPU
		{3E842F1D-E8F5-4A46-BC79-11644BA9F211}.Release|ARM.Build.0 = Release|Any CPU
		{3E842F1D-E8F5-4A46-BC79-11644BA9F211}.Release|ARM.Deploy.0 = Release|Any CPU
		{3E842F1D-E8F5-4A46-BC79-11644BA9F211}.Release|iPhone.ActiveCfg = Release|Any CPU
		{3E842F1D-E8F5-4A46-BC79-11644BA9F211}.Release|iPhone.Build.0 = Release|Any CPU
		{3E842F1D-E8F5-4A46-BC79-11644BA9F211}.Release|iPhone.Deploy.0 = Release|Any CPU
		{3E842F1D-E8F5-4A46-BC79-11644BA9F211}.Release|iPhoneSimulator.ActiveCfg = Release|Any CPU
		{3E842F1D-E8F5-4A46-BC79-11644BA9F211}.Release|iPhoneSimulator.Build.0 = Release|Any CPU
		{3E842F1D-E8F5-4A46-BC79-11644BA9F211}.Release|iPhoneSimulator.Deploy.0 = Release|Any CPU
		{3E842F1D-E8F5-4A46-BC79-11644BA9F211}.Release|x64.ActiveCfg = Release|Any CPU
		{3E842F1D-E8F5-4A46-BC79-11644BA9F211}.Release|x64.Build.0 = Release|Any CPU
		{3E842F1D-E8F5-4A46-BC79-11644BA9F211}.Release|x64.Deploy.0 = Release|Any CPU
		{3E842F1D-E8F5-4A46-BC79-11644BA9F211}.Release|x86.ActiveCfg = Release|Any CPU
		{3E842F1D-E8F5-4A46-BC79-11644BA9F211}.Release|x86.Build.0 = Release|Any CPU
		{3E842F1D-E8F5-4A46-BC79-11644BA9F211}.Release|x86.Deploy.0 = Release|Any CPU
	EndGlobalSection
	GlobalSection(SolutionProperties) = preSolution
		HideSolutionNode = FALSE
	EndGlobalSection
	GlobalSection(ExtensibilityGlobals) = postSolution
		SolutionGuid = {88875A4B-B198-4AD2-A4E7-9A816520E84B}
	EndGlobalSection
EndGlobal
